// !$*UTF8*$!
{
	archiveVersion = 1;
	classes = {
	};
	objectVersion = 46;
	objects = {

/* Begin PBXBuildFile section */
		9A5B172A17B269D800C31688 /* UIKit.framework in Frameworks */ = {isa = PBXBuildFile; fileRef = 9A5B172917B269D800C31688 /* UIKit.framework */; };
		9A5B172C17B269D800C31688 /* Foundation.framework in Frameworks */ = {isa = PBXBuildFile; fileRef = 9A5B172B17B269D800C31688 /* Foundation.framework */; };
		9A5B172E17B269D800C31688 /* CoreGraphics.framework in Frameworks */ = {isa = PBXBuildFile; fileRef = 9A5B172D17B269D800C31688 /* CoreGraphics.framework */; };
		9A5B173417B269D800C31688 /* InfoPlist.strings in Resources */ = {isa = PBXBuildFile; fileRef = 9A5B173217B269D800C31688 /* InfoPlist.strings */; };
		9A5B173617B269D800C31688 /* main.m in Sources */ = {isa = PBXBuildFile; fileRef = 9A5B173517B269D800C31688 /* main.m */; };
		9A5B173A17B269D800C31688 /* AppDelegate.m in Sources */ = {isa = PBXBuildFile; fileRef = 9A5B173917B269D800C31688 /* AppDelegate.m */; };
		9A5B173C17B269D800C31688 /* Default.png in Resources */ = {isa = PBXBuildFile; fileRef = 9A5B173B17B269D800C31688 /* Default.png */; };
		9A5B173E17B269D800C31688 /* Default@2x.png in Resources */ = {isa = PBXBuildFile; fileRef = 9A5B173D17B269D800C31688 /* Default@2x.png */; };
		9A5B174017B269D800C31688 /* Default-568h@2x.png in Resources */ = {isa = PBXBuildFile; fileRef = 9A5B173F17B269D800C31688 /* Default-568h@2x.png */; };
		9A5B174317B269D800C31688 /* RollViewController.m in Sources */ = {isa = PBXBuildFile; fileRef = 9A5B174217B269D800C31688 /* RollViewController.m */; };
		9A5B174617B269D800C31688 /* RollViewController.xib in Resources */ = {isa = PBXBuildFile; fileRef = 9A5B174417B269D800C31688 /* RollViewController.xib */; };
		9A5B174F17B26A1600C31688 /* STRollTableView.m in Sources */ = {isa = PBXBuildFile; fileRef = 9A5B174E17B26A1600C31688 /* STRollTableView.m */; };
/* End PBXBuildFile section */

/* Begin PBXFileReference section */
		9A5B172617B269D800C31688 /* TestsSTRollTableView.app */ = {isa = PBXFileReference; explicitFileType = wrapper.application; includeInIndex = 0; path = TestsSTRollTableView.app; sourceTree = BUILT_PRODUCTS_DIR; };
		9A5B172917B269D800C31688 /* UIKit.framework */ = {isa = PBXFileReference; lastKnownFileType = wrapper.framework; name = UIKit.framework; path = System/Library/Frameworks/UIKit.framework; sourceTree = SDKROOT; };
		9A5B172B17B269D800C31688 /* Foundation.framework */ = {isa = PBXFileReference; lastKnownFileType = wrapper.framework; name = Foundation.framework; path = System/Library/Frameworks/Foundation.framework; sourceTree = SDKROOT; };
		9A5B172D17B269D800C31688 /* CoreGraphics.framework */ = {isa = PBXFileReference; lastKnownFileType = wrapper.framework; name = CoreGraphics.framework; path = System/Library/Frameworks/CoreGraphics.framework; sourceTree = SDKROOT; };
		9A5B173117B269D800C31688 /* TestsSTRollTableView-Info.plist */ = {isa = PBXFileReference; lastKnownFileType = text.plist.xml; path = "TestsSTRollTableView-Info.plist"; sourceTree = "<group>"; };
		9A5B173317B269D800C31688 /* en */ = {isa = PBXFileReference; lastKnownFileType = text.plist.strings; name = en; path = en.lproj/InfoPlist.strings; sourceTree = "<group>"; };
		9A5B173517B269D800C31688 /* main.m */ = {isa = PBXFileReference; lastKnownFileType = sourcecode.c.objc; path = main.m; sourceTree = "<group>"; };
		9A5B173717B269D800C31688 /* TestsSTRollTableView-Prefix.pch */ = {isa = PBXFileReference; lastKnownFileType = sourcecode.c.h; path = "TestsSTRollTableView-Prefix.pch"; sourceTree = "<group>"; };
		9A5B173817B269D800C31688 /* AppDelegate.h */ = {isa = PBXFileReference; lastKnownFileType = sourcecode.c.h; path = AppDelegate.h; sourceTree = "<group>"; };
		9A5B173917B269D800C31688 /* AppDelegate.m */ = {isa = PBXFileReference; lastKnownFileType = sourcecode.c.objc; path = AppDelegate.m; sourceTree = "<group>"; };
		9A5B173B17B269D800C31688 /* Default.png */ = {isa = PBXFileReference; lastKnownFileType = image.png; path = Default.png; sourceTree = "<group>"; };
		9A5B173D17B269D800C31688 /* Default@2x.png */ = {isa = PBXFileReference; lastKnownFileType = image.png; path = "Default@2x.png"; sourceTree = "<group>"; };
		9A5B173F17B269D800C31688 /* Default-568h@2x.png */ = {isa = PBXFileReference; lastKnownFileType = image.png; path = "Default-568h@2x.png"; sourceTree = "<group>"; };
		9A5B174117B269D800C31688 /* RollViewController.h */ = {isa = PBXFileReference; lastKnownFileType = sourcecode.c.h; path = RollViewController.h; sourceTree = "<group>"; };
		9A5B174217B269D800C31688 /* RollViewController.m */ = {isa = PBXFileReference; lastKnownFileType = sourcecode.c.objc; path = RollViewController.m; sourceTree = "<group>"; };
		9A5B174517B269D800C31688 /* en */ = {isa = PBXFileReference; lastKnownFileType = file.xib; name = en; path = en.lproj/RollViewController.xib; sourceTree = "<group>"; };
		9A5B174D17B26A1600C31688 /* STRollTableView.h */ = {isa = PBXFileReference; fileEncoding = 4; lastKnownFileType = sourcecode.c.h; path = STRollTableView.h; sourceTree = "<group>"; };
		9A5B174E17B26A1600C31688 /* STRollTableView.m */ = {isa = PBXFileReference; fileEncoding = 4; lastKnownFileType = sourcecode.c.objc; path = STRollTableView.m; sourceTree = "<group>"; };
/* End PBXFileReference section */

/* Begin PBXFrameworksBuildPhase section */
		9A5B172317B269D800C31688 /* Frameworks */ = {
			isa = PBXFrameworksBuildPhase;
			buildActionMask = 2147483647;
			files = (
				9A5B172A17B269D800C31688 /* UIKit.framework in Frameworks */,
				9A5B172C17B269D800C31688 /* Foundation.framework in Frameworks */,
				9A5B172E17B269D800C31688 /* CoreGraphics.framework in Frameworks */,
			);
			runOnlyForDeploymentPostprocessing = 0;
		};
/* End PBXFrameworksBuildPhase section */

/* Begin PBXGroup section */
		9A5B171D17B269D800C31688 = {
			isa = PBXGroup;
			children = (
				9A5B174C17B269E100C31688 /* STRollTableView */,
				9A5B172F17B269D800C31688 /* TestsSTRollTableView */,
				9A5B172817B269D800C31688 /* Frameworks */,
				9A5B172717B269D800C31688 /* Products */,
			);
			sourceTree = "<group>";
		};
		9A5B172717B269D800C31688 /* Products */ = {
			isa = PBXGroup;
			children = (
				9A5B172617B269D800C31688 /* TestsSTRollTableView.app */,
			);
			name = Products;
			sourceTree = "<group>";
		};
		9A5B172817B269D800C31688 /* Frameworks */ = {
			isa = PBXGroup;
			children = (
				9A5B172917B269D800C31688 /* UIKit.framework */,
				9A5B172B17B269D800C31688 /* Foundation.framework */,
				9A5B172D17B269D800C31688 /* CoreGraphics.framework */,
			);
			name = Frameworks;
			sourceTree = "<group>";
		};
		9A5B172F17B269D800C31688 /* TestsSTRollTableView */ = {
			isa = PBXGroup;
			children = (
				9A5B173817B269D800C31688 /* AppDelegate.h */,
				9A5B173917B269D800C31688 /* AppDelegate.m */,
				9A5B174117B269D800C31688 /* RollViewController.h */,
				9A5B174217B269D800C31688 /* RollViewController.m */,
				9A5B174417B269D800C31688 /* RollViewController.xib */,
				9A5B173017B269D800C31688 /* Supporting Files */,
			);
			path = TestsSTRollTableView;
			sourceTree = "<group>";
		};
		9A5B173017B269D800C31688 /* Supporting Files */ = {
			isa = PBXGroup;
			children = (
				9A5B173117B269D800C31688 /* TestsSTRollTableView-Info.plist */,
				9A5B173217B269D800C31688 /* InfoPlist.strings */,
				9A5B173517B269D800C31688 /* main.m */,
				9A5B173717B269D800C31688 /* TestsSTRollTableView-Prefix.pch */,
				9A5B173B17B269D800C31688 /* Default.png */,
				9A5B173D17B269D800C31688 /* Default@2x.png */,
				9A5B173F17B269D800C31688 /* Default-568h@2x.png */,
			);
			name = "Supporting Files";
			sourceTree = "<group>";
		};
		9A5B174C17B269E100C31688 /* STRollTableView */ = {
			isa = PBXGroup;
			children = (
				9A5B174D17B26A1600C31688 /* STRollTableView.h */,
				9A5B174E17B26A1600C31688 /* STRollTableView.m */,
			);
			name = STRollTableView;
			path = ../../STRollTableView;
			sourceTree = "<group>";
		};
/* End PBXGroup section */

/* Begin PBXNativeTarget section */
		9A5B172517B269D800C31688 /* TestsSTRollTableView */ = {
			isa = PBXNativeTarget;
			buildConfigurationList = 9A5B174917B269D800C31688 /* Build configuration list for PBXNativeTarget "TestsSTRollTableView" */;
			buildPhases = (
				9A5B172217B269D800C31688 /* Sources */,
				9A5B172317B269D800C31688 /* Frameworks */,
				9A5B172417B269D800C31688 /* Resources */,
			);
			buildRules = (
			);
			dependencies = (
			);
			name = TestsSTRollTableView;
			productName = TestsSTRollTableView;
			productReference = 9A5B172617B269D800C31688 /* TestsSTRollTableView.app */;
			productType = "com.apple.product-type.application";
		};
/* End PBXNativeTarget section */

/* Begin PBXProject section */
		9A5B171E17B269D800C31688 /* Project object */ = {
			isa = PBXProject;
			attributes = {
				LastUpgradeCheck = 0460;
				ORGANIZATIONNAME = iSofTom;
			};
			buildConfigurationList = 9A5B172117B269D800C31688 /* Build configuration list for PBXProject "TestsSTRollTableView" */;
			compatibilityVersion = "Xcode 3.2";
			developmentRegion = English;
			hasScannedForEncodings = 0;
			knownRegions = (
				en,
			);
			mainGroup = 9A5B171D17B269D800C31688;
			productRefGroup = 9A5B172717B269D800C31688 /* Products */;
			projectDirPath = "";
			projectRoot = "";
			targets = (
				9A5B172517B269D800C31688 /* TestsSTRollTableView */,
			);
		};
/* End PBXProject section */

/* Begin PBXResourcesBuildPhase section */
		9A5B172417B269D800C31688 /* Resources */ = {
			isa = PBXResourcesBuildPhase;
			buildActionMask = 2147483647;
			files = (
				9A5B173417B269D800C31688 /* InfoPlist.strings in Resources */,
				9A5B173C17B269D800C31688 /* Default.png in Resources */,
				9A5B173E17B269D800C31688 /* Default@2x.png in Resources */,
				9A5B174017B269D800C31688 /* Default-568h@2x.png in Resources */,
				9A5B174617B269D800C31688 /* RollViewController.xib in Resources */,
			);
			runOnlyForDeploymentPostprocessing = 0;
		};
/* End PBXResourcesBuildPhase section */

/* Begin PBXSourcesBuildPhase section */
		9A5B172217B269D800C31688 /* Sources */ = {
			isa = PBXSourcesBuildPhase;
			buildActionMask = 2147483647;
			files = (
				9A5B173617B269D800C31688 /* main.m in Sources */,
				9A5B173A17B269D800C31688 /* AppDelegate.m in Sources */,
				9A5B174317B269D800C31688 /* RollViewController.m in Sources */,
				9A5B174F17B26A1600C31688 /* STRollTableView.m in Sources */,
			);
			runOnlyForDeploymentPostprocessing = 0;
		};
/* End PBXSourcesBuildPhase section */

/* Begin PBXVariantGroup section */
		9A5B173217B269D800C31688 /* InfoPlist.strings */ = {
			isa = PBXVariantGroup;
			children = (
				9A5B173317B269D800C31688 /* en */,
			);
			name = InfoPlist.strings;
			sourceTree = "<group>";
		};
		9A5B174417B269D800C31688 /* RollViewController.xib */ = {
			isa = PBXVariantGroup;
			children = (
				9A5B174517B269D800C31688 /* en */,
			);
			name = RollViewController.xib;
			sourceTree = "<group>";
		};
/* End PBXVariantGroup section */

/* Begin XCBuildConfiguration section */
		9A5B174717B269D800C31688 /* Debug */ = {
			isa = XCBuildConfiguration;
			buildSettings = {
				ALWAYS_SEARCH_USER_PATHS = NO;
				CLANG_CXX_LANGUAGE_STANDARD = "gnu++0x";
				CLANG_CXX_LIBRARY = "libc++";
				CLANG_ENABLE_OBJC_ARC = YES;
				CLANG_WARN_CONSTANT_CONVERSION = YES;
				CLANG_WARN_EMPTY_BODY = YES;
				CLANG_WARN_ENUM_CONVERSION = YES;
				CLANG_WARN_INT_CONVERSION = YES;
				CLANG_WARN__DUPLICATE_METHOD_MATCH = YES;
				"CODE_SIGN_IDENTITY[sdk=iphoneos*]" = "iPhone Developer";
				COPY_PHASE_STRIP = NO;
				GCC_C_LANGUAGE_STANDARD = gnu99;
				GCC_DYNAMIC_NO_PIC = NO;
				GCC_OPTIMIZATION_LEVEL = 0;
				GCC_PREPROCESSOR_DEFINITIONS = (
					"DEBUG=1",
					"$(inherited)",
				);
				GCC_SYMBOLS_PRIVATE_EXTERN = NO;
				GCC_WARN_ABOUT_RETURN_TYPE = YES;
				GCC_WARN_UNINITIALIZED_AUTOS = YES;
				GCC_WARN_UNUSED_VARIABLE = YES;
				IPHONEOS_DEPLOYMENT_TARGET = 6.1;
				ONLY_ACTIVE_ARCH = YES;
				SDKROOT = iphoneos;
			};
			name = Debug;
		};
		9A5B174817B269D800C31688 /* Release */ = {
			isa = XCBuildConfiguration;
			buildSettings = {
				ALWAYS_SEARCH_USER_PATHS = NO;
				CLANG_CXX_LANGUAGE_STANDARD = "gnu++0x";
				CLANG_CXX_LIBRARY = "libc++";
				CLANG_ENABLE_OBJC_ARC = YES;
				CLANG_WARN_CONSTANT_CONVERSION = YES;
				CLANG_WARN_EMPTY_BODY = YES;
				CLANG_WARN_ENUM_CONVERSION = YES;
				CLANG_WARN_INT_CONVERSION = YES;
				CLANG_WARN__DUPLICATE_METHOD_MATCH = YES;
				"CODE_SIGN_IDENTITY[sdk=iphoneos*]" = "iPhone Developer";
				COPY_PHASE_STRIP = YES;
				GCC_C_LANGUAGE_STANDARD = gnu99;
				GCC_WARN_ABOUT_RETURN_TYPE = YES;
				GCC_WARN_UNINITIALIZED_AUTOS = YES;
				GCC_WARN_UNUSED_VARIABLE = YES;
				IPHONEOS_DEPLOYMENT_TARGET = 6.1;
				OTHER_CFLAGS = "-DNS_BLOCK_ASSERTIONS=1";
				SDKROOT = iphoneos;
				VALIDATE_PRODUCT = YES;
			};
			name = Release;
		};
		9A5B174A17B269D800C31688 /* Debug */ = {
			isa = XCBuildConfiguration;
			buildSettings = {
				GCC_PRECOMPILE_PREFIX_HEADER = YES;
				GCC_PREFIX_HEADER = "TestsSTRollTableView/TestsSTRollTableView-Prefix.pch";
				INFOPLIST_FILE = "TestsSTRollTableView/TestsSTRollTableView-Info.plist";
				PRODUCT_NAME = "$(TARGET_NAME)";
				WRAPPER_EXTENSION = app;
			};
			name = Debug;
		};
		9A5B174B17B269D800C31688 /* Release */ = {
			isa = XCBuildConfiguration;
			buildSettings = {
				GCC_PRECOMPILE_PREFIX_HEADER = YES;
				GCC_PREFIX_HEADER = "TestsSTRollTableView/TestsSTRollTableView-Prefix.pch";
				INFOPLIST_FILE = "TestsSTRollTableView/TestsSTRollTableView-Info.plist";
				PRODUCT_NAME = "$(TARGET_NAME)";
				WRAPPER_EXTENSION = app;
			};
			name = Release;
		};
/* End XCBuildConfiguration section */

/* Begin XCConfigurationList section */
		9A5B172117B269D800C31688 /* Build configuration list for PBXProject "TestsSTRollTableView" */ = {
			isa = XCConfigurationList;
			buildConfigurations = (
				9A5B174717B269D800C31688 /* Debug */,
				9A5B174817B269D800C31688 /* Release */,
			);
			defaultConfigurationIsVisible = 0;
			defaultConfigurationName = Release;
		};
		9A5B174917B269D800C31688 /* Build configuration list for PBXNativeTarget "TestsSTRollTableView" */ = {
			isa = XCConfigurationList;
			buildConfigurations = (
				9A5B174A17B269D800C31688 /* Debug */,
				9A5B174B17B269D800C31688 /* Release */,
			);
			defaultConfigurationIsVisible = 0;
			defaultConfigurationName = Release;
		};
/* End XCConfigurationList section */
	};
	rootObject = 9A5B171E17B269D800C31688 /* Project object */;
}
